// !$*UTF8*$!
{
	archiveVersion = 1;
	classes = {
	};
	objectVersion = 56;
	objects = {

/* Begin PBXBuildFile section */
		1B0535402A2AD38200304658 /* GameViewModel.swift in Sources */ = {isa = PBXBuildFile; fileRef = 1B05353F2A2AD38200304658 /* GameViewModel.swift */; };
		1B0535422A2AD7B900304658 /* QuestionView.swift in Sources */ = {isa = PBXBuildFile; fileRef = 1B0535412A2AD7B900304658 /* QuestionView.swift */; };
		1B0DAE3929F8A94C0032FDCB /* iOS_QuizApp.swift in Sources */ = {isa = PBXBuildFile; fileRef = 1B0DAE3829F8A94C0032FDCB /* iOS_QuizApp.swift */; };
		1B0DAE3B29F8A94C0032FDCB /* GameView.swift in Sources */ = {isa = PBXBuildFile; fileRef = 1B0DAE3A29F8A94C0032FDCB /* GameView.swift */; };
		1B0DAE3D29F8A94D0032FDCB /* Assets.xcassets in Resources */ = {isa = PBXBuildFile; fileRef = 1B0DAE3C29F8A94D0032FDCB /* Assets.xcassets */; };
		1B0DAE4029F8A94D0032FDCB /* Preview Assets.xcassets in Resources */ = {isa = PBXBuildFile; fileRef = 1B0DAE3F29F8A94D0032FDCB /* Preview Assets.xcassets */; };
		1B22A3EF2A0C94980012F262 /* Question.swift in Sources */ = {isa = PBXBuildFile; fileRef = 1B22A3EE2A0C94980012F262 /* Question.swift */; };
		1B22A3F12A0C96760012F262 /* ChoiceTextView.swift in Sources */ = {isa = PBXBuildFile; fileRef = 1B22A3F02A0C96760012F262 /* ChoiceTextView.swift */; };
		1B22A3F32A0ECD890012F262 /* Game.swift in Sources */ = {isa = PBXBuildFile; fileRef = 1B22A3F22A0ECD890012F262 /* Game.swift */; };
		1B22A4132A1466C70012F262 /* WelcomeView.swift in Sources */ = {isa = PBXBuildFile; fileRef = 1B22A4122A1466C70012F262 /* WelcomeView.swift */; };
		1B22A4152A1476200012F262 /* GameColor.swift in Sources */ = {isa = PBXBuildFile; fileRef = 1B22A4142A1476200012F262 /* GameColor.swift */; };
		1B22A4192A1478A90012F262 /* BottomTextView.swift in Sources */ = {isa = PBXBuildFile; fileRef = 1B22A4182A1478A90012F262 /* BottomTextView.swift */; };
/* End PBXBuildFile section */

/* Begin PBXFileReference section */
		1B05353F2A2AD38200304658 /* GameViewModel.swift */ = {isa = PBXFileReference; lastKnownFileType = sourcecode.swift; path = GameViewModel.swift; sourceTree = "<group>"; };
		1B0535412A2AD7B900304658 /* QuestionView.swift */ = {isa = PBXFileReference; lastKnownFileType = sourcecode.swift; path = QuestionView.swift; sourceTree = "<group>"; };
		1B0DAE3529F8A94C0032FDCB /* iOSQuiz.app */ = {isa = PBXFileReference; explicitFileType = wrapper.application; includeInIndex = 0; path = iOSQuiz.app; sourceTree = BUILT_PRODUCTS_DIR; };
		1B0DAE3829F8A94C0032FDCB /* iOS_QuizApp.swift */ = {isa = PBXFileReference; lastKnownFileType = sourcecode.swift; path = iOS_QuizApp.swift; sourceTree = "<group>"; };
		1B0DAE3A29F8A94C0032FDCB /* GameView.swift */ = {isa = PBXFileReference; lastKnownFileType = sourcecode.swift; path = GameView.swift; sourceTree = "<group>"; };
		1B0DAE3C29F8A94D0032FDCB /* Assets.xcassets */ = {isa = PBXFileReference; lastKnownFileType = folder.assetcatalog; path = Assets.xcassets; sourceTree = "<group>"; };
		1B0DAE3F29F8A94D0032FDCB /* Preview Assets.xcassets */ = {isa = PBXFileReference; lastKnownFileType = folder.assetcatalog; path = "Preview Assets.xcassets"; sourceTree = "<group>"; };
		1B22A3EE2A0C94980012F262 /* Question.swift */ = {isa = PBXFileReference; lastKnownFileType = sourcecode.swift; path = Question.swift; sourceTree = "<group>"; };
		1B22A3F02A0C96760012F262 /* ChoiceTextView.swift */ = {isa = PBXFileReference; lastKnownFileType = sourcecode.swift; path = ChoiceTextView.swift; sourceTree = "<group>"; };
		1B22A3F22A0ECD890012F262 /* Game.swift */ = {isa = PBXFileReference; lastKnownFileType = sourcecode.swift; path = Game.swift; sourceTree = "<group>"; };
		1B22A4122A1466C70012F262 /* WelcomeView.swift */ = {isa = PBXFileReference; lastKnownFileType = sourcecode.swift; path = WelcomeView.swift; sourceTree = "<group>"; };
		1B22A4142A1476200012F262 /* GameColor.swift */ = {isa = PBXFileReference; lastKnownFileType = sourcecode.swift; path = GameColor.swift; sourceTree = "<group>"; };
		1B22A4182A1478A90012F262 /* BottomTextView.swift */ = {isa = PBXFileReference; lastKnownFileType = sourcecode.swift; path = BottomTextView.swift; sourceTree = "<group>"; };
/* End PBXFileReference section */

/* Begin PBXFrameworksBuildPhase section */
		1B0DAE3229F8A94C0032FDCB /* Frameworks */ = {
			isa = PBXFrameworksBuildPhase;
			buildActionMask = 2147483647;
			files = (
			);
			runOnlyForDeploymentPostprocessing = 0;
		};
/* End PBXFrameworksBuildPhase section */

/* Begin PBXGroup section */
		1B05353E2A2AD32D00304658 /* ViewModel */ = {
			isa = PBXGroup;
			children = (
				1B05353F2A2AD38200304658 /* GameViewModel.swift */,
			);
			path = ViewModel;
			sourceTree = "<group>";
		};
		1B0DAE2C29F8A94C0032FDCB = {
			isa = PBXGroup;
			children = (
				1B22A3F52A0ECE090012F262 /* Views */,
				1B22A3F42A0ECDED0012F262 /* Models */,
				1B05353E2A2AD32D00304658 /* ViewModel */,
				1B0DAE3729F8A94C0032FDCB /* iOSQuiz */,
				1B0DAE3629F8A94C0032FDCB /* Products */,
			);
			sourceTree = "<group>";
		};
		1B0DAE3629F8A94C0032FDCB /* Products */ = {
			isa = PBXGroup;
			children = (
				1B0DAE3529F8A94C0032FDCB /* iOSQuiz.app */,
			);
			name = Products;
			sourceTree = "<group>";
		};
		1B0DAE3729F8A94C0032FDCB /* iOSQuiz */ = {
			isa = PBXGroup;
			children = (
				1B0DAE3829F8A94C0032FDCB /* iOS_QuizApp.swift */,
				1B0DAE3C29F8A94D0032FDCB /* Assets.xcassets */,
				1B0DAE3E29F8A94D0032FDCB /* Preview Content */,
			);
			path = iOSQuiz;
			sourceTree = "<group>";
		};
		1B0DAE3E29F8A94D0032FDCB /* Preview Content */ = {
			isa = PBXGroup;
			children = (
				1B0DAE3F29F8A94D0032FDCB /* Preview Assets.xcassets */,
			);
			path = "Preview Content";
			sourceTree = "<group>";
		};
		1B22A3F42A0ECDED0012F262 /* Models */ = {
			isa = PBXGroup;
			children = (
				1B22A4142A1476200012F262 /* GameColor.swift */,
				1B22A3F22A0ECD890012F262 /* Game.swift */,
				1B22A3EE2A0C94980012F262 /* Question.swift */,
			);
			path = Models;
			sourceTree = "<group>";
		};
		1B22A3F52A0ECE090012F262 /* Views */ = {
			isa = PBXGroup;
			children = (
				1B0DAE3A29F8A94C0032FDCB /* GameView.swift */,
				1B22A4122A1466C70012F262 /* WelcomeView.swift */,
				1B22A4182A1478A90012F262 /* BottomTextView.swift */,
				1B22A3F02A0C96760012F262 /* ChoiceTextView.swift */,
				1B0535412A2AD7B900304658 /* QuestionView.swift */,
			);
			path = Views;
			sourceTree = "<group>";
		};
/* End PBXGroup section */

/* Begin PBXNativeTarget section */
		1B0DAE3429F8A94C0032FDCB /* iOSQuiz */ = {
			isa = PBXNativeTarget;
			buildConfigurationList = 1B0DAE4329F8A94D0032FDCB /* Build configuration list for PBXNativeTarget "iOSQuiz" */;
			buildPhases = (
				1B0DAE3129F8A94C0032FDCB /* Sources */,
				1B0DAE3229F8A94C0032FDCB /* Frameworks */,
				1B0DAE3329F8A94C0032FDCB /* Resources */,
			);
			buildRules = (
			);
			dependencies = (
			);
			name = iOSQuiz;
			productName = iOSQuiz;
			productReference = 1B0DAE3529F8A94C0032FDCB /* iOSQuiz.app */;
			productType = "com.apple.product-type.application";
		};
/* End PBXNativeTarget section */

/* Begin PBXProject section */
		1B0DAE2D29F8A94C0032FDCB /* Project object */ = {
			isa = PBXProject;
			attributes = {
				BuildIndependentTargetsInParallel = 1;
				LastSwiftUpdateCheck = 1430;
				LastUpgradeCheck = 1430;
				TargetAttributes = {
					1B0DAE3429F8A94C0032FDCB = {
						CreatedOnToolsVersion = 14.3;
					};
				};
			};
			buildConfigurationList = 1B0DAE3029F8A94C0032FDCB /* Build configuration list for PBXProject "iOSQuiz" */;
			compatibilityVersion = "Xcode 14.0";
			developmentRegion = en;
			hasScannedForEncodings = 0;
			knownRegions = (
				en,
				Base,
			);
			mainGroup = 1B0DAE2C29F8A94C0032FDCB;
			productRefGroup = 1B0DAE3629F8A94C0032FDCB /* Products */;
			projectDirPath = "";
			projectRoot = "";
			targets = (
				1B0DAE3429F8A94C0032FDCB /* iOSQuiz */,
			);
		};
/* End PBXProject section */

/* Begin PBXResourcesBuildPhase section */
		1B0DAE3329F8A94C0032FDCB /* Resources */ = {
			isa = PBXResourcesBuildPhase;
			buildActionMask = 2147483647;
			files = (
				1B0DAE4029F8A94D0032FDCB /* Preview Assets.xcassets in Resources */,
				1B0DAE3D29F8A94D0032FDCB /* Assets.xcassets in Resources */,
			);
			runOnlyForDeploymentPostprocessing = 0;
		};
/* End PBXResourcesBuildPhase section */

/* Begin PBXSourcesBuildPhase section */
		1B0DAE3129F8A94C0032FDCB /* Sources */ = {
			isa = PBXSourcesBuildPhase;
			buildActionMask = 2147483647;
			files = (
				1B0535422A2AD7B900304658 /* QuestionView.swift in Sources */,
				1B0535402A2AD38200304658 /* GameViewModel.swift in Sources */,
				1B22A3EF2A0C94980012F262 /* Question.swift in Sources */,
				1B22A4132A1466C70012F262 /* WelcomeView.swift in Sources */,
				1B22A3F32A0ECD890012F262 /* Game.swift in Sources */,
				1B0DAE3B29F8A94C0032FDCB /* GameView.swift in Sources */,
				1B22A4192A1478A90012F262 /* BottomTextView.swift in Sources */,
				1B22A4152A1476200012F262 /* GameColor.swift in Sources */,
				1B22A3F12A0C96760012F262 /* ChoiceTextView.swift in Sources */,
				1B0DAE3929F8A94C0032FDCB /* iOS_QuizApp.swift in Sources */,
			);
			runOnlyForDeploymentPostprocessing = 0;
		};
/* End PBXSourcesBuildPhase section */

/* Begin XCBuildConfiguration section */
		1B0DAE4129F8A94D0032FDCB /* Debug */ = {
			isa = XCBuildConfiguration;
			buildSettings = {
				ALWAYS_SEARCH_USER_PATHS = NO;
				CLANG_ANALYZER_NONNULL = YES;
				CLANG_ANALYZER_NUMBER_OBJECT_CONVERSION = YES_AGGRESSIVE;
				CLANG_CXX_LANGUAGE_STANDARD = "gnu++20";
				CLANG_ENABLE_MODULES = YES;
				CLANG_ENABLE_OBJC_ARC = YES;
				CLANG_ENABLE_OBJC_WEAK = YES;
				CLANG_WARN_BLOCK_CAPTURE_AUTORELEASING = YES;
				CLANG_WARN_BOOL_CONVERSION = YES;
				CLANG_WARN_COMMA = YES;
				CLANG_WARN_CONSTANT_CONVERSION = YES;
				CLANG_WARN_DEPRECATED_OBJC_IMPLEMENTATIONS = YES;
				CLANG_WARN_DIRECT_OBJC_ISA_USAGE = YES_ERROR;
				CLANG_WARN_DOCUMENTATION_COMMENTS = YES;
				CLANG_WARN_EMPTY_BODY = YES;
				CLANG_WARN_ENUM_CONVERSION = YES;
				CLANG_WARN_INFINITE_RECURSION = YES;
				CLANG_WARN_INT_CONVERSION = YES;
				CLANG_WARN_NON_LITERAL_NULL_CONVERSION = YES;
				CLANG_WARN_OBJC_IMPLICIT_RETAIN_SELF = YES;
				CLANG_WARN_OBJC_LITERAL_CONVERSION = YES;
				CLANG_WARN_OBJC_ROOT_CLASS = YES_ERROR;
				CLANG_WARN_QUOTED_INCLUDE_IN_FRAMEWORK_HEADER = YES;
				CLANG_WARN_RANGE_LOOP_ANALYSIS = YES;
				CLANG_WARN_STRICT_PROTOTYPES = YES;
				CLANG_WARN_SUSPICIOUS_MOVE = YES;
				CLANG_WARN_UNGUARDED_AVAILABILITY = YES_AGGRESSIVE;
				CLANG_WARN_UNREACHABLE_CODE = YES;
				CLANG_WARN__DUPLICATE_METHOD_MATCH = YES;
				COPY_PHASE_STRIP = NO;
				DEBUG_INFORMATION_FORMAT = dwarf;
				ENABLE_STRICT_OBJC_MSGSEND = YES;
				ENABLE_TESTABILITY = YES;
				GCC_C_LANGUAGE_STANDARD = gnu11;
				GCC_DYNAMIC_NO_PIC = NO;
				GCC_NO_COMMON_BLOCKS = YES;
				GCC_OPTIMIZATION_LEVEL = 0;
				GCC_PREPROCESSOR_DEFINITIONS = (
					"DEBUG=1",
					"$(inherited)",
				);
				GCC_WARN_64_TO_32_BIT_CONVERSION = YES;
				GCC_WARN_ABOUT_RETURN_TYPE = YES_ERROR;
				GCC_WARN_UNDECLARED_SELECTOR = YES;
				GCC_WARN_UNINITIALIZED_AUTOS = YES_AGGRESSIVE;
				GCC_WARN_UNUSED_FUNCTION = YES;
				GCC_WARN_UNUSED_VARIABLE = YES;
				IPHONEOS_DEPLOYMENT_TARGET = 16.4;
				MTL_ENABLE_DEBUG_INFO = INCLUDE_SOURCE;
				MTL_FAST_MATH = YES;
				ONLY_ACTIVE_ARCH = YES;
				SDKROOT = iphoneos;
				SWIFT_ACTIVE_COMPILATION_CONDITIONS = DEBUG;
				SWIFT_OPTIMIZATION_LEVEL = "-Onone";
			};
			name = Debug;
		};
		1B0DAE4229F8A94D0032FDCB /* Release */ = {
			isa = XCBuildConfiguration;
			buildSettings = {
				ALWAYS_SEARCH_USER_PATHS = NO;
				CLANG_ANALYZER_NONNULL = YES;
				CLANG_ANALYZER_NUMBER_OBJECT_CONVERSION = YES_AGGRESSIVE;
				CLANG_CXX_LANGUAGE_STANDARD = "gnu++20";
				CLANG_ENABLE_MODULES = YES;
				CLANG_ENABLE_OBJC_ARC = YES;
				CLANG_ENABLE_OBJC_WEAK = YES;
				CLANG_WARN_BLOCK_CAPTURE_AUTORELEASING = YES;
				CLANG_WARN_BOOL_CONVERSION = YES;
				CLANG_WARN_COMMA = YES;
				CLANG_WARN_CONSTANT_CONVERSION = YES;
				CLANG_WARN_DEPRECATED_OBJC_IMPLEMENTATIONS = YES;
				CLANG_WARN_DIRECT_OBJC_ISA_USAGE = YES_ERROR;
				CLANG_WARN_DOCUMENTATION_COMMENTS = YES;
				CLANG_WARN_EMPTY_BODY = YES;
				CLANG_WARN_ENUM_CONVERSION = YES;
				CLANG_WARN_INFINITE_RECURSION = YES;
				CLANG_WARN_INT_CONVERSION = YES;
				CLANG_WARN_NON_LITERAL_NULL_CONVERSION = YES;
				CLANG_WARN_OBJC_IMPLICIT_RETAIN_SELF = YES;
				CLANG_WARN_OBJC_LITERAL_CONVERSION = YES;
				CLANG_WARN_OBJC_ROOT_CLASS = YES_ERROR;
				CLANG_WARN_QUOTED_INCLUDE_IN_FRAMEWORK_HEADER = YES;
				CLANG_WARN_RANGE_LOOP_ANALYSIS = YES;
				CLANG_WARN_STRICT_PROTOTYPES = YES;
				CLANG_WARN_SUSPICIOUS_MOVE = YES;
				CLANG_WARN_UNGUARDED_AVAILABILITY = YES_AGGRESSIVE;
				CLANG_WARN_UNREACHABLE_CODE = YES;
				CLANG_WARN__DUPLICATE_METHOD_MATCH = YES;
				COPY_PHASE_STRIP = NO;
				DEBUG_INFORMATION_FORMAT = "dwarf-with-dsym";
				ENABLE_NS_ASSERTIONS = NO;
				ENABLE_STRICT_OBJC_MSGSEND = YES;
				GCC_C_LANGUAGE_STANDARD = gnu11;
				GCC_NO_COMMON_BLOCKS = YES;
				GCC_WARN_64_TO_32_BIT_CONVERSION = YES;
				GCC_WARN_ABOUT_RETURN_TYPE = YES_ERROR;
				GCC_WARN_UNDECLARED_SELECTOR = YES;
				GCC_WARN_UNINITIALIZED_AUTOS = YES_AGGRESSIVE;
				GCC_WARN_UNUSED_FUNCTION = YES;
				GCC_WARN_UNUSED_VARIABLE = YES;
				IPHONEOS_DEPLOYMENT_TARGET = 16.4;
				MTL_ENABLE_DEBUG_INFO = NO;
				MTL_FAST_MATH = YES;
				SDKROOT = iphoneos;
				SWIFT_COMPILATION_MODE = wholemodule;
				SWIFT_OPTIMIZATION_LEVEL = "-O";
				VALIDATE_PRODUCT = YES;
			};
			name = Release;
		};
		1B0DAE4429F8A94D0032FDCB /* Debug */ = {
			isa = XCBuildConfiguration;
			buildSettings = {
				ASSETCATALOG_COMPILER_APPICON_NAME = AppIcon;
				ASSETCATALOG_COMPILER_GLOBAL_ACCENT_COLOR_NAME = AccentColor;
				CODE_SIGN_STYLE = Automatic;
				CURRENT_PROJECT_VERSION = 1;
				DEVELOPMENT_ASSET_PATHS = "\"iOSQuiz/Preview Content\"";
				DEVELOPMENT_TEAM = PGPC7U357H;
				ENABLE_PREVIEWS = YES;
				GENERATE_INFOPLIST_FILE = YES;
				INFOPLIST_KEY_UIApplicationSceneManifest_Generation = YES;
				INFOPLIST_KEY_UIApplicationSupportsIndirectInputEvents = YES;
				INFOPLIST_KEY_UILaunchScreen_Generation = YES;
				INFOPLIST_KEY_UISupportedInterfaceOrientations_iPad = "UIInterfaceOrientationPortrait UIInterfaceOrientationPortraitUpsideDown UIInterfaceOrientationLandscapeLeft UIInterfaceOrientationLandscapeRight";
				INFOPLIST_KEY_UISupportedInterfaceOrientations_iPhone = "UIInterfaceOrientationPortrait UIInterfaceOrientationLandscapeLeft UIInterfaceOrientationLandscapeRight";
				LD_RUNPATH_SEARCH_PATHS = (
					"$(inherited)",
					"@executable_path/Frameworks",
				);
				MARKETING_VERSION = 1.0;
				PRODUCT_BUNDLE_IDENTIFIER = "Mello-Birkan.iOSQuiz";
				PRODUCT_NAME = "$(TARGET_NAME)";
				SWIFT_EMIT_LOC_STRINGS = YES;
				SWIFT_VERSION = 5.0;
				TARGETED_DEVICE_FAMILY = "1,2";
			};
			name = Debug;
		};
		1B0DAE4529F8A94D0032FDCB /* Release */ = {
			isa = XCBuildConfiguration;
			buildSettings = {
				ASSETCATALOG_COMPILER_APPICON_NAME = AppIcon;
				ASSETCATALOG_COMPILER_GLOBAL_ACCENT_COLOR_NAME = AccentColor;
				CODE_SIGN_STYLE = Automatic;
				CURRENT_PROJECT_VERSION = 1;
				DEVELOPMENT_ASSET_PATHS = "\"iOSQuiz/Preview Content\"";
				DEVELOPMENT_TEAM = PGPC7U357H;
				ENABLE_PREVIEWS = YES;
				GENERATE_INFOPLIST_FILE = YES;
				INFOPLIST_KEY_UIApplicationSceneManifest_Generation = YES;
				INFOPLIST_KEY_UIApplicationSupportsIndirectInputEvents = YES;
				INFOPLIST_KEY_UILaunchScreen_Generation = YES;
				INFOPLIST_KEY_UISupportedInterfaceOrientations_iPad = "UIInterfaceOrientationPortrait UIInterfaceOrientationPortraitUpsideDown UIInterfaceOrientationLandscapeLeft UIInterfaceOrientationLandscapeRight";
				INFOPLIST_KEY_UISupportedInterfaceOrientations_iPhone = "UIInterfaceOrientationPortrait UIInterfaceOrientationLandscapeLeft UIInterfaceOrientationLandscapeRight";
				LD_RUNPATH_SEARCH_PATHS = (
					"$(inherited)",
					"@executable_path/Frameworks",
				);
				MARKETING_VERSION = 1.0;
				PRODUCT_BUNDLE_IDENTIFIER = "Mello-Birkan.iOSQuiz";
				PRODUCT_NAME = "$(TARGET_NAME)";
				SWIFT_EMIT_LOC_STRINGS = YES;
				SWIFT_VERSION = 5.0;
				TARGETED_DEVICE_FAMILY = "1,2";
			};
			name = Release;
		};
/* End XCBuildConfiguration section */

/* Begin XCConfigurationList section */
		1B0DAE3029F8A94C0032FDCB /* Build configuration list for PBXProject "iOSQuiz" */ = {
			isa = XCConfigurationList;
			buildConfigurations = (
				1B0DAE4129F8A94D0032FDCB /* Debug */,
				1B0DAE4229F8A94D0032FDCB /* Release */,
			);
			defaultConfigurationIsVisible = 0;
			defaultConfigurationName = Release;
		};
		1B0DAE4329F8A94D0032FDCB /* Build configuration list for PBXNativeTarget "iOSQuiz" */ = {
			isa = XCConfigurationList;
			buildConfigurations = (
				1B0DAE4429F8A94D0032FDCB /* Debug */,
				1B0DAE4529F8A94D0032FDCB /* Release */,
			);
			defaultConfigurationIsVisible = 0;
			defaultConfigurationName = Release;
		};
/* End XCConfigurationList section */
	};
	rootObject = 1B0DAE2D29F8A94C0032FDCB /* Project object */;
}
